{
  "name": "@rsksmart/rlogin-transactions",
  "version": "1.0.2",
  "lockfileVersion": 2,
  "requires": true,
  "packages": {
    "": {
      "name": "@rsksmart/rlogin-transactions",
      "version": "1.0.2",
      "license": "MIT",
      "dependencies": {
        "bn.js": "^5.2.0"
      },
      "devDependencies": {
        "@rsksmart/rlogin-eip1193-types": "^1.0.2"
      }
    },
    "node_modules/@rsksmart/rlogin-eip1193-types": {
      "version": "1.0.2",
      "resolved": "https://registry.npmjs.org/@rsksmart/rlogin-eip1193-types/-/rlogin-eip1193-types-1.0.2.tgz",
      "integrity": "sha512-ua04zjicUvCJu9eBLbNBmYKYkVL2ZrmkthWhQeElndrbsge89FZbowVvAUuWdjym64bdoyQYHgOM3Uy5scixlw==",
      "dev": true,
      "dependencies": {
        "ethjs-provider-http": "^0.1.6",
        "ethjs-query": "^0.3.8"
      }
    },
    "node_modules/babel-runtime": {
      "version": "6.26.0",
      "resolved": "https://registry.npmjs.org/babel-runtime/-/babel-runtime-6.26.0.tgz",
      "integrity": "sha512-ITKNuq2wKlW1fJg9sSW52eepoYgZBggvOAHC0u/CYu/qxQ9EVzThCgR69BnSXLHjy2f7SY5zaQ4yt7H9ZVxY2g==",
      "dev": true,
      "dependencies": {
        "core-js": "^2.4.0",
        "regenerator-runtime": "^0.11.0"
      }
    },
    "node_modules/bn.js": {
      "version": "5.2.0",
      "resolved": "https://registry.npmjs.org/bn.js/-/bn.js-5.2.0.tgz",
      "integrity": "sha512-D7iWRBvnZE8ecXiLj/9wbxH7Tk79fAh8IHaTNq1RWRixsS02W+5qS+iE9yq6RYl0asXx5tw0bLhmT5pIfbSquw=="
    },
    "node_modules/core-js": {
      "version": "2.6.12",
      "resolved": "https://registry.npmjs.org/core-js/-/core-js-2.6.12.tgz",
      "integrity": "sha512-Kb2wC0fvsWfQrgk8HU5lW6U/Lcs8+9aaYcy4ZFc6DDlo4nZ7n70dEgE5rtR0oG6ufKDUnrwfWL1mXR5ljDatrQ==",
      "deprecated": "core-js@<3.23.3 is no longer maintained and not recommended for usage due to the number of issues. Because of the V8 engine whims, feature detection in old core-js versions could cause a slowdown up to 100x even if nothing is polyfilled. Some versions have web compatibility issues. Please, upgrade your dependencies to the actual version of core-js.",
      "dev": true,
      "hasInstallScript": true
    },
    "node_modules/ethjs-format": {
      "version": "0.2.7",
      "resolved": "https://registry.npmjs.org/ethjs-format/-/ethjs-format-0.2.7.tgz",
      "integrity": "sha512-uNYAi+r3/mvR3xYu2AfSXx5teP4ovy9z2FrRsblU+h2logsaIKZPi9V3bn3V7wuRcnG0HZ3QydgZuVaRo06C4Q==",
      "dev": true,
      "dependencies": {
        "bn.js": "4.11.6",
        "ethjs-schema": "0.2.1",
        "ethjs-util": "0.1.3",
        "is-hex-prefixed": "1.0.0",
        "number-to-bn": "1.7.0",
        "strip-hex-prefix": "1.0.0"
      },
      "engines": {
        "node": ">=6.5.0",
        "npm": ">=3"
      }
    },
    "node_modules/ethjs-format/node_modules/bn.js": {
      "version": "4.11.6",
      "resolved": "https://registry.npmjs.org/bn.js/-/bn.js-4.11.6.tgz",
      "integrity": "sha512-XWwnNNFCuuSQ0m3r3C4LE3EiORltHd9M05pq6FOlVeiophzRbMo50Sbz1ehl8K3Z+jw9+vmgnXefY1hz8X+2wA==",
      "dev": true
    },
    "node_modules/ethjs-provider-http": {
      "version": "0.1.6",
      "resolved": "https://registry.npmjs.org/ethjs-provider-http/-/ethjs-provider-http-0.1.6.tgz",
      "integrity": "sha512-y054N5xyyx43KTQjgdkAEj2uEa/flwpENU5ldx/rmA0Q2yy0vyB2lsOIn/7V0uADMc4iRSHZfnFc9b9YS5Qkdw==",
      "dev": true,
      "dependencies": {
        "xhr2": "0.1.3"
      },
      "engines": {
        "node": ">=6.5.0",
        "npm": ">=3"
      }
    },
    "node_modules/ethjs-query": {
      "version": "0.3.8",
      "resolved": "https://registry.npmjs.org/ethjs-query/-/ethjs-query-0.3.8.tgz",
      "integrity": "sha512-/J5JydqrOzU8O7VBOwZKUWXxHDGr46VqNjBCJgBVNNda+tv7Xc8Y2uJc6aMHHVbeN3YOQ7YRElgIc0q1CI02lQ==",
      "dev": true,
      "dependencies": {
        "babel-runtime": "^6.26.0",
        "ethjs-format": "0.2.7",
        "ethjs-rpc": "0.2.0",
        "promise-to-callback": "^1.0.0"
      },
      "engines": {
        "node": ">=6.5.0",
        "npm": ">=3"
      }
    },
    "node_modules/ethjs-rpc": {
      "version": "0.2.0",
      "resolved": "https://registry.npmjs.org/ethjs-rpc/-/ethjs-rpc-0.2.0.tgz",
      "integrity": "sha512-RINulkNZTKnj4R/cjYYtYMnFFaBcVALzbtEJEONrrka8IeoarNB9Jbzn+2rT00Cv8y/CxAI+GgY1d0/i2iQeOg==",
      "dev": true,
      "dependencies": {
        "promise-to-callback": "^1.0.0"
      },
      "engines": {
        "node": ">=6.5.0",
        "npm": ">=3"
      }
    },
    "node_modules/ethjs-schema": {
      "version": "0.2.1",
      "resolved": "https://registry.npmjs.org/ethjs-schema/-/ethjs-schema-0.2.1.tgz",
      "integrity": "sha512-DXd8lwNrhT9sjsh/Vd2Z+4pfyGxhc0POVnLBUfwk5udtdoBzADyq+sK39dcb48+ZU+2VgtwHxtGWnLnCfmfW5g==",
      "dev": true
    },
    "node_modules/ethjs-util": {
      "version": "0.1.3",
      "resolved": "https://registry.npmjs.org/ethjs-util/-/ethjs-util-0.1.3.tgz",
      "integrity": "sha512-QqpX2dsEG2geSMG9dTMJVhfP1kGRdGMNjiHPiTjkju+X5cB0PQIwUzRr5k21pFkgF5zuLccqe83p7Gh5fFM5tQ==",
      "dev": true,
      "dependencies": {
        "is-hex-prefixed": "1.0.0",
        "strip-hex-prefix": "1.0.0"
      },
      "engines": {
        "node": ">=6.5.0",
        "npm": ">=3"
      }
    },
    "node_modules/is-fn": {
      "version": "1.0.0",
      "resolved": "https://registry.npmjs.org/is-fn/-/is-fn-1.0.0.tgz",
      "integrity": "sha512-XoFPJQmsAShb3jEQRfzf2rqXavq7fIqF/jOekp308JlThqrODnMpweVSGilKTCXELfLhltGP2AGgbQGVP8F1dg==",
      "dev": true,
      "engines": {
        "node": ">=0.10.0"
      }
    },
    "node_modules/is-hex-prefixed": {
      "version": "1.0.0",
      "resolved": "https://registry.npmjs.org/is-hex-prefixed/-/is-hex-prefixed-1.0.0.tgz",
      "integrity": "sha512-WvtOiug1VFrE9v1Cydwm+FnXd3+w9GaeVUss5W4v/SLy3UW00vP+6iNF2SdnfiBoLy4bTqVdkftNGTUeOFVsbA==",
      "dev": true,
      "engines": {
        "node": ">=6.5.0",
        "npm": ">=3"
      }
    },
    "node_modules/number-to-bn": {
      "version": "1.7.0",
      "resolved": "https://registry.npmjs.org/number-to-bn/-/number-to-bn-1.7.0.tgz",
      "integrity": "sha512-wsJ9gfSz1/s4ZsJN01lyonwuxA1tml6X1yBDnfpMglypcBRFZZkus26EdPSlqS5GJfYddVZa22p3VNb3z5m5Ig==",
      "dev": true,
      "dependencies": {
        "bn.js": "4.11.6",
        "strip-hex-prefix": "1.0.0"
      },
      "engines": {
        "node": ">=6.5.0",
        "npm": ">=3"
      }
    },
    "node_modules/number-to-bn/node_modules/bn.js": {
      "version": "4.11.6",
      "resolved": "https://registry.npmjs.org/bn.js/-/bn.js-4.11.6.tgz",
      "integrity": "sha512-XWwnNNFCuuSQ0m3r3C4LE3EiORltHd9M05pq6FOlVeiophzRbMo50Sbz1ehl8K3Z+jw9+vmgnXefY1hz8X+2wA==",
      "dev": true
    },
    "node_modules/promise-to-callback": {
      "version": "1.0.0",
      "resolved": "https://registry.npmjs.org/promise-to-callback/-/promise-to-callback-1.0.0.tgz",
      "integrity": "sha512-uhMIZmKM5ZteDMfLgJnoSq9GCwsNKrYau73Awf1jIy6/eUcuuZ3P+CD9zUv0kJsIUbU+x6uLNIhXhLHDs1pNPA==",
      "dev": true,
      "dependencies": {
        "is-fn": "^1.0.0",
        "set-immediate-shim": "^1.0.1"
      },
      "engines": {
        "node": ">=0.10.0"
      }
    },
    "node_modules/regenerator-runtime": {
      "version": "0.11.1",
      "resolved": "https://registry.npmjs.org/regenerator-runtime/-/regenerator-runtime-0.11.1.tgz",
      "integrity": "sha512-MguG95oij0fC3QV3URf4V2SDYGJhJnJGqvIIgdECeODCT98wSWDAJ94SSuVpYQUoTcGUIL6L4yNB7j1DFFHSBg==",
      "dev": true
    },
    "node_modules/set-immediate-shim": {
      "version": "1.0.1",
      "resolved": "https://registry.npmjs.org/set-immediate-shim/-/set-immediate-shim-1.0.1.tgz",
      "integrity": "sha512-Li5AOqrZWCVA2n5kryzEmqai6bKSIvpz5oUJHPVj6+dsbD3X1ixtsY5tEnsaNpH3pFAHmG8eIHUrtEtohrg+UQ==",
      "dev": true,
      "engines": {
        "node": ">=0.10.0"
      }
    },
    "node_modules/strip-hex-prefix": {
      "version": "1.0.0",
      "resolved": "https://registry.npmjs.org/strip-hex-prefix/-/strip-hex-prefix-1.0.0.tgz",
      "integrity": "sha512-q8d4ue7JGEiVcypji1bALTos+0pWtyGlivAWyPuTkHzuTCJqrK9sWxYQZUq6Nq3cuyv3bm734IhHvHtGGURU6A==",
      "dev": true,
      "dependencies": {
        "is-hex-prefixed": "1.0.0"
      },
      "engines": {
        "node": ">=6.5.0",
        "npm": ">=3"
      }
    },
    "node_modules/xhr2": {
      "version": "0.1.3",
      "resolved": "https://registry.npmjs.org/xhr2/-/xhr2-0.1.3.tgz",
      "integrity": "sha512-6RmGK22QwC7yXB1CRwyLWuS2opPcKOlAu0ViAnyZjDlzrEmCKL4kLHkfvB8oMRWeztMsNoDGAjsMZY15w/4tTw==",
      "dev": true,
      "engines": {
        "node": ">= 0.6"
      }
    }
  },
  "dependencies": {
    "@rsksmart/rlogin-eip1193-types": {
      "version": "1.0.2",
      "resolved": "https://registry.npmjs.org/@rsksmart/rlogin-eip1193-types/-/rlogin-eip1193-types-1.0.2.tgz",
      "integrity": "sha512-ua04zjicUvCJu9eBLbNBmYKYkVL2ZrmkthWhQeElndrbsge89FZbowVvAUuWdjym64bdoyQYHgOM3Uy5scixlw==",
      "dev": true,
      "requires": {
        "ethjs-provider-http": "^0.1.6",
        "ethjs-query": "^0.3.8"
      }
    },
    "babel-runtime": {
      "version": "6.26.0",
      "resolved": "https://registry.npmjs.org/babel-runtime/-/babel-runtime-6.26.0.tgz",
      "integrity": "sha512-ITKNuq2wKlW1fJg9sSW52eepoYgZBggvOAHC0u/CYu/qxQ9EVzThCgR69BnSXLHjy2f7SY5zaQ4yt7H9ZVxY2g==",
      "dev": true,
      "requires": {
        "core-js": "^2.4.0",
        "regenerator-runtime": "^0.11.0"
      }
    },
    "bn.js": {
      "version": "5.2.0",
      "resolved": "https://registry.npmjs.org/bn.js/-/bn.js-5.2.0.tgz",
      "integrity": "sha512-D7iWRBvnZE8ecXiLj/9wbxH7Tk79fAh8IHaTNq1RWRixsS02W+5qS+iE9yq6RYl0asXx5tw0bLhmT5pIfbSquw=="
    },
    "core-js": {
      "version": "2.6.12",
      "resolved": "https://registry.npmjs.org/core-js/-/core-js-2.6.12.tgz",
      "integrity": "sha512-Kb2wC0fvsWfQrgk8HU5lW6U/Lcs8+9aaYcy4ZFc6DDlo4nZ7n70dEgE5rtR0oG6ufKDUnrwfWL1mXR5ljDatrQ==",
      "dev": true
    },
    "ethjs-format": {
      "version": "0.2.7",
      "resolved": "https://registry.npmjs.org/ethjs-format/-/ethjs-format-0.2.7.tgz",
      "integrity": "sha512-uNYAi+r3/mvR3xYu2AfSXx5teP4ovy9z2FrRsblU+h2logsaIKZPi9V3bn3V7wuRcnG0HZ3QydgZuVaRo06C4Q==",
      "dev": true,
      "requires": {
        "bn.js": "4.11.6",
        "ethjs-schema": "0.2.1",
        "ethjs-util": "0.1.3",
        "is-hex-prefixed": "1.0.0",
        "number-to-bn": "1.7.0",
        "strip-hex-prefix": "1.0.0"
      },
      "dependencies": {
        "bn.js": {
          "version": "4.11.6",
          "resolved": "https://registry.npmjs.org/bn.js/-/bn.js-4.11.6.tgz",
          "integrity": "sha512-XWwnNNFCuuSQ0m3r3C4LE3EiORltHd9M05pq6FOlVeiophzRbMo50Sbz1ehl8K3Z+jw9+vmgnXefY1hz8X+2wA==",
          "dev": true
        }
      }
    },
    "ethjs-provider-http": {
      "version": "0.1.6",
      "resolved": "https://registry.npmjs.org/ethjs-provider-http/-/ethjs-provider-http-0.1.6.tgz",
      "integrity": "sha512-y054N5xyyx43KTQjgdkAEj2uEa/flwpENU5ldx/rmA0Q2yy0vyB2lsOIn/7V0uADMc4iRSHZfnFc9b9YS5Qkdw==",
      "dev": true,
      "requires": {
        "xhr2": "0.1.3"
      }
    },
    "ethjs-query": {
      "version": "0.3.8",
      "resolved": "https://registry.npmjs.org/ethjs-query/-/ethjs-query-0.3.8.tgz",
      "integrity": "sha512-/J5JydqrOzU8O7VBOwZKUWXxHDGr46VqNjBCJgBVNNda+tv7Xc8Y2uJc6aMHHVbeN3YOQ7YRElgIc0q1CI02lQ==",
      "dev": true,
      "requires": {
        "babel-runtime": "^6.26.0",
        "ethjs-format": "0.2.7",
        "ethjs-rpc": "0.2.0",
        "promise-to-callback": "^1.0.0"
      }
    },
    "ethjs-rpc": {
      "version": "0.2.0",
      "resolved": "https://registry.npmjs.org/ethjs-rpc/-/ethjs-rpc-0.2.0.tgz",
      "integrity": "sha512-RINulkNZTKnj4R/cjYYtYMnFFaBcVALzbtEJEONrrka8IeoarNB9Jbzn+2rT00Cv8y/CxAI+GgY1d0/i2iQeOg==",
      "dev": true,
      "requires": {
        "promise-to-callback": "^1.0.0"
      }
    },
    "ethjs-schema": {
      "version": "0.2.1",
      "resolved": "https://registry.npmjs.org/ethjs-schema/-/ethjs-schema-0.2.1.tgz",
      "integrity": "sha512-DXd8lwNrhT9sjsh/Vd2Z+4pfyGxhc0POVnLBUfwk5udtdoBzADyq+sK39dcb48+ZU+2VgtwHxtGWnLnCfmfW5g==",
      "dev": true
    },
    "ethjs-util": {
      "version": "0.1.3",
      "resolved": "https://registry.npmjs.org/ethjs-util/-/ethjs-util-0.1.3.tgz",
      "integrity": "sha512-QqpX2dsEG2geSMG9dTMJVhfP1kGRdGMNjiHPiTjkju+X5cB0PQIwUzRr5k21pFkgF5zuLccqe83p7Gh5fFM5tQ==",
      "dev": true,
      "requires": {
        "is-hex-prefixed": "1.0.0",
        "strip-hex-prefix": "1.0.0"
      }
    },
    "is-fn": {
      "version": "1.0.0",
      "resolved": "https://registry.npmjs.org/is-fn/-/is-fn-1.0.0.tgz",
      "integrity": "sha512-XoFPJQmsAShb3jEQRfzf2rqXavq7fIqF/jOekp308JlThqrODnMpweVSGilKTCXELfLhltGP2AGgbQGVP8F1dg==",
      "dev": true
    },
    "is-hex-prefixed": {
      "version": "1.0.0",
      "resolved": "https://registry.npmjs.org/is-hex-prefixed/-/is-hex-prefixed-1.0.0.tgz",
      "integrity": "sha512-WvtOiug1VFrE9v1Cydwm+FnXd3+w9GaeVUss5W4v/SLy3UW00vP+6iNF2SdnfiBoLy4bTqVdkftNGTUeOFVsbA==",
      "dev": true
    },
    "number-to-bn": {
      "version": "1.7.0",
      "resolved": "https://registry.npmjs.org/number-to-bn/-/number-to-bn-1.7.0.tgz",
      "integrity": "sha512-wsJ9gfSz1/s4ZsJN01lyonwuxA1tml6X1yBDnfpMglypcBRFZZkus26EdPSlqS5GJfYddVZa22p3VNb3z5m5Ig==",
      "dev": true,
      "requires": {
        "bn.js": "4.11.6",
        "strip-hex-prefix": "1.0.0"
      },
      "dependencies": {
        "bn.js": {
          "version": "4.11.6",
          "resolved": "https://registry.npmjs.org/bn.js/-/bn.js-4.11.6.tgz",
          "integrity": "sha512-XWwnNNFCuuSQ0m3r3C4LE3EiORltHd9M05pq6FOlVeiophzRbMo50Sbz1ehl8K3Z+jw9+vmgnXefY1hz8X+2wA==",
          "dev": true
        }
      }
    },
    "promise-to-callback": {
      "version": "1.0.0",
      "resolved": "https://registry.npmjs.org/promise-to-callback/-/promise-to-callback-1.0.0.tgz",
      "integrity": "sha512-uhMIZmKM5ZteDMfLgJnoSq9GCwsNKrYau73Awf1jIy6/eUcuuZ3P+CD9zUv0kJsIUbU+x6uLNIhXhLHDs1pNPA==",
      "dev": true,
      "requires": {
        "is-fn": "^1.0.0",
        "set-immediate-shim": "^1.0.1"
      }
    },
    "regenerator-runtime": {
      "version": "0.11.1",
      "resolved": "https://registry.npmjs.org/regenerator-runtime/-/regenerator-runtime-0.11.1.tgz",
      "integrity": "sha512-MguG95oij0fC3QV3URf4V2SDYGJhJnJGqvIIgdECeODCT98wSWDAJ94SSuVpYQUoTcGUIL6L4yNB7j1DFFHSBg==",
      "dev": true
    },
    "set-immediate-shim": {
      "version": "1.0.1",
      "resolved": "https://registry.npmjs.org/set-immediate-shim/-/set-immediate-shim-1.0.1.tgz",
      "integrity": "sha512-Li5AOqrZWCVA2n5kryzEmqai6bKSIvpz5oUJHPVj6+dsbD3X1ixtsY5tEnsaNpH3pFAHmG8eIHUrtEtohrg+UQ==",
      "dev": true
    },
    "strip-hex-prefix": {
      "version": "1.0.0",
      "resolved": "https://registry.npmjs.org/strip-hex-prefix/-/strip-hex-prefix-1.0.0.tgz",
      "integrity": "sha512-q8d4ue7JGEiVcypji1bALTos+0pWtyGlivAWyPuTkHzuTCJqrK9sWxYQZUq6Nq3cuyv3bm734IhHvHtGGURU6A==",
      "dev": true,
      "requires": {
        "is-hex-prefixed": "1.0.0"
      }
    },
    "xhr2": {
      "version": "0.1.3",
      "resolved": "https://registry.npmjs.org/xhr2/-/xhr2-0.1.3.tgz",
      "integrity": "sha512-6RmGK22QwC7yXB1CRwyLWuS2opPcKOlAu0ViAnyZjDlzrEmCKL4kLHkfvB8oMRWeztMsNoDGAjsMZY15w/4tTw==",
      "dev": true
    }
  }
}
